[[package]]
name = "c_linked_list"
version = "1.1.1"
source = "registry+https://github.com/rust-lang/crates.io-index"

[[package]]
name = "gcc"
version = "0.3.55"
source = "registry+https://github.com/rust-lang/crates.io-index"

[[package]]
name = "get_if_addrs"
version = "0.5.3"
source = "registry+https://github.com/rust-lang/crates.io-index"
dependencies = [
 "c_linked_list 1.1.1 (registry+https://github.com/rust-lang/crates.io-index)",
 "get_if_addrs-sys 0.1.1 (registry+https://github.com/rust-lang/crates.io-index)",
 "libc 0.2.43 (registry+https://github.com/rust-lang/crates.io-index)",
 "winapi 0.2.8 (registry+https://github.com/rust-lang/crates.io-index)",
]

[[package]]
name = "get_if_addrs-sys"
version = "0.1.1"
source = "registry+https://github.com/rust-lang/crates.io-index"
dependencies = [
 "gcc 0.3.55 (registry+https://github.com/rust-lang/crates.io-index)",
 "libc 0.2.43 (registry+https://github.com/rust-lang/crates.io-index)",
]

[[package]]
name = "learn-rust-lib"
version = "0.1.0"
dependencies = [
 "get_if_addrs 0.5.3 (registry+https://github.com/rust-lang/crates.io-index)",
]

[[package]]
name = "libc"
version = "0.2.43"
source = "registry+https://github.com/rust-lang/crates.io-index"

[[package]]
name = "winapi"
version = "0.2.8"
source = "registry+https://github.com/rust-lang/crates.io-index"

[metadata]
"checksum c_linked_list 1.1.1 (registry+https://github.com/rust-lang/crates.io-index)" = "4964518bd3b4a8190e832886cdc0da9794f12e8e6c1613a9e90ff331c4c8724b"
"checksum gcc 0.3.55 (registry+https://github.com/rust-lang/crates.io-index)" = "8f5f3913fa0bfe7ee1fd8248b6b9f42a5af4b9d65ec2dd2c3c26132b950ecfc2"
"checksum get_if_addrs 0.5.3 (registry+https://github.com/rust-lang/crates.io-index)" = "abddb55a898d32925f3148bd281174a68eeb68bbfd9a5938a57b18f506ee4ef7"
"checksum get_if_addrs-sys 0.1.1 (registry+https://github.com/rust-lang/crates.io-index)" = "0d04f9fb746cf36b191c00f3ede8bde9c8e64f9f4b05ae2694a9ccf5e3f5ab48"
"checksum libc 0.2.43 (registry+https://github.com/rust-lang/crates.io-index)" = "76e3a3ef172f1a0b9a9ff0dd1491ae5e6c948b94479a3021819ba7d860c8645d"
"checksum winapi 0.2.8 (registry+https://github.com/rust-lang/crates.io-index)" = "167dc9d6949a9b857f3451275e911c3f44255842c1f7a76f33c55103a909087a"
